
Microsoft Visual Studio Solution File, Format Version 12.00
# Visual Studio 15
VisualStudioVersion = 15.0.28307.572
MinimumVisualStudioVersion = 10.0.40219.1
Project("{FAE04EC0-301F-11D3-BF4B-00C04F79EFBC}") = "BancoAPI", "BancoAPI\BancoAPI.csproj", "{D9E05C10-92CA-4E8A-8AE7-B523C38B9543}"
EndProject
Global
	GlobalSection(SolutionConfigurationPlatforms) = preSolution
		Debug|Any CPU = Debug|Any CPU
		Release|Any CPU = Release|Any CPU
	EndGlobalSection
	GlobalSection(ProjectConfigurationPlatforms) = postSolution
		{D9E05C10-92CA-4E8A-8AE7-B523C38B9543}.Debug|Any CPU.ActiveCfg = Debug|Any CPU
		{D9E05C10-92CA-4E8A-8AE7-B523C38B9543}.Debug|Any CPU.Build.0 = Debug|Any CPU
		{D9E05C10-92CA-4E8A-8AE7-B523C38B9543}.Release|Any CPU.ActiveCfg = Release|Any CPU
		{D9E05C10-92CA-4E8A-8AE7-B523C38B9543}.Release|Any CPU.Build.0 = Release|Any CPU
	EndGlobalSection
	GlobalSection(SolutionProperties) = preSolution
		HideSolutionNode = FALSE
	EndGlobalSection
	GlobalSection(ExtensibilityGlobals) = postSolution
		SolutionGuid = {299A4E5E-9CBD-422A-B6A9-2C26AA67967D}
	EndGlobalSection
EndGlobal
